
Microsoft Visual Studio Solution File, Format Version 12.00
# Visual Studio Version 17
VisualStudioVersion = 17.0.32112.339
MinimumVisualStudioVersion = 10.0.40219.1
Project("{8BC9CEB8-8B4A-11D0-8D11-00A0C91BC942}") = "Integr", "Integr\Integr.vcxproj", "{C59EBD80-9460-4B41-B2FF-F2DB6BAD47F1}"
EndProject
Project("{888888A0-9F3D-457C-B088-3A5042F75D52}") = "graph", "graph\graph.pyproj", "{0154E490-888D-4ECF-A626-3DCDF96659AF}"
EndProject
Global
	GlobalSection(SolutionConfigurationPlatforms) = preSolution
		Debug|Any CPU = Debug|Any CPU
		Debug|x64 = Debug|x64
		Debug|x86 = Debug|x86
		Release|Any CPU = Release|Any CPU
		Release|x64 = Release|x64
		Release|x86 = Release|x86
	EndGlobalSection
	GlobalSection(ProjectConfigurationPlatforms) = postSolution
		{C59EBD80-9460-4B41-B2FF-F2DB6BAD47F1}.Debug|Any CPU.ActiveCfg = Debug|x64
		{C59EBD80-9460-4B41-B2FF-F2DB6BAD47F1}.Debug|Any CPU.Build.0 = Debug|x64
		{C59EBD80-9460-4B41-B2FF-F2DB6BAD47F1}.Debug|x64.ActiveCfg = Debug|x64
		{C59EBD80-9460-4B41-B2FF-F2DB6BAD47F1}.Debug|x64.Build.0 = Debug|x64
		{C59EBD80-9460-4B41-B2FF-F2DB6BAD47F1}.Debug|x86.ActiveCfg = Debug|Win32
		{C59EBD80-9460-4B41-B2FF-F2DB6BAD47F1}.Debug|x86.Build.0 = Debug|Win32
		{C59EBD80-9460-4B41-B2FF-F2DB6BAD47F1}.Release|Any CPU.ActiveCfg = Release|x64
		{C59EBD80-9460-4B41-B2FF-F2DB6BAD47F1}.Release|Any CPU.Build.0 = Release|x64
		{C59EBD80-9460-4B41-B2FF-F2DB6BAD47F1}.Release|x64.ActiveCfg = Release|x64
		{C59EBD80-9460-4B41-B2FF-F2DB6BAD47F1}.Release|x64.Build.0 = Release|x64
		{C59EBD80-9460-4B41-B2FF-F2DB6BAD47F1}.Release|x86.ActiveCfg = Release|Win32
		{C59EBD80-9460-4B41-B2FF-F2DB6BAD47F1}.Release|x86.Build.0 = Release|Win32
		{0154E490-888D-4ECF-A626-3DCDF96659AF}.Debug|Any CPU.ActiveCfg = Debug|Any CPU
		{0154E490-888D-4ECF-A626-3DCDF96659AF}.Debug|x64.ActiveCfg = Debug|Any CPU
		{0154E490-888D-4ECF-A626-3DCDF96659AF}.Debug|x86.ActiveCfg = Debug|Any CPU
		{0154E490-888D-4ECF-A626-3DCDF96659AF}.Release|Any CPU.ActiveCfg = Release|Any CPU
		{0154E490-888D-4ECF-A626-3DCDF96659AF}.Release|x64.ActiveCfg = Release|Any CPU
		{0154E490-888D-4ECF-A626-3DCDF96659AF}.Release|x86.ActiveCfg = Release|Any CPU
	EndGlobalSection
	GlobalSection(SolutionProperties) = preSolution
		HideSolutionNode = FALSE
	EndGlobalSection
	GlobalSection(ExtensibilityGlobals) = postSolution
		SolutionGuid = {A3854E54-8EC9-4149-AAA5-D279968F62AF}
	EndGlobalSection
EndGlobal
